
Microsoft Visual Studio Solution File, Format Version 11.00
# Visual Studio 2010
Project("{FAE04EC0-301F-11D3-BF4B-00C04F79EFBC}") = "Assembly-CSharp", "Assembly-CSharp.csproj", "{28866EB0-7993-C171-348D-8535A8E3480D}"
EndProject
Global
	GlobalSection(SolutionConfigurationPlatforms) = preSolution
		Debug|Any CPU = Debug|Any CPU
		Release|Any CPU = Release|Any CPU
	EndGlobalSection
	GlobalSection(ProjectConfigurationPlatforms) = postSolution
		{28866EB0-7993-C171-348D-8535A8E3480D}.Debug|Any CPU.ActiveCfg = Debug|Any CPU
		{28866EB0-7993-C171-348D-8535A8E3480D}.Debug|Any CPU.Build.0 = Debug|Any CPU
		{28866EB0-7993-C171-348D-8535A8E3480D}.Release|Any CPU.ActiveCfg = Release|Any CPU
		{28866EB0-7993-C171-348D-8535A8E3480D}.Release|Any CPU.Build.0 = Release|Any CPU
	EndGlobalSection
	GlobalSection(MonoDevelopProperties) = preSolution
		StartupItem = Assembly-CSharp.csproj
	EndGlobalSection
EndGlobal
